
Microsoft Visual Studio Solution File, Format Version 12.00
# Visual Studio Version 17
VisualStudioVersion = 17.1.32228.430
MinimumVisualStudioVersion = 10.0.40219.1
Project("{FAE04EC0-301F-11D3-BF4B-00C04F79EFBC}") = "ClassAndObjectPractice", "ClassAndObjectPractice\ClassAndObjectPractice.csproj", "{E57729D0-10CD-45D4-B320-BD30790F8D25}"
EndProject
Global
	GlobalSection(SolutionConfigurationPlatforms) = preSolution
		Debug|Any CPU = Debug|Any CPU
		Release|Any CPU = Release|Any CPU
	EndGlobalSection
	GlobalSection(ProjectConfigurationPlatforms) = postSolution
		{E57729D0-10CD-45D4-B320-BD30790F8D25}.Debug|Any CPU.ActiveCfg = Debug|Any CPU
		{E57729D0-10CD-45D4-B320-BD30790F8D25}.Debug|Any CPU.Build.0 = Debug|Any CPU
		{E57729D0-10CD-45D4-B320-BD30790F8D25}.Release|Any CPU.ActiveCfg = Release|Any CPU
		{E57729D0-10CD-45D4-B320-BD30790F8D25}.Release|Any CPU.Build.0 = Release|Any CPU
	EndGlobalSection
	GlobalSection(SolutionProperties) = preSolution
		HideSolutionNode = FALSE
	EndGlobalSection
	GlobalSection(ExtensibilityGlobals) = postSolution
		SolutionGuid = {38A8B875-DE2A-4861-A9C0-959EE3A91A31}
	EndGlobalSection
EndGlobal
